
Microsoft Visual Studio Solution File, Format Version 12.00
# Visual Studio Version 17
VisualStudioVersion = 17.9.34723.18
MinimumVisualStudioVersion = 10.0.40219.1
Project("{FAE04EC0-301F-11D3-BF4B-00C04F79EFBC}") = "WebAspNetPractica_26_06_2024", "WebAspNetPractica_26_06_2024.csproj", "{0454C47A-87DA-4831-9FBB-93A2C14DA9E0}"
EndProject
Global
	GlobalSection(SolutionConfigurationPlatforms) = preSolution
		Debug|Any CPU = Debug|Any CPU
		Release|Any CPU = Release|Any CPU
	EndGlobalSection
	GlobalSection(ProjectConfigurationPlatforms) = postSolution
		{0454C47A-87DA-4831-9FBB-93A2C14DA9E0}.Debug|Any CPU.ActiveCfg = Debug|Any CPU
		{0454C47A-87DA-4831-9FBB-93A2C14DA9E0}.Debug|Any CPU.Build.0 = Debug|Any CPU
		{0454C47A-87DA-4831-9FBB-93A2C14DA9E0}.Release|Any CPU.ActiveCfg = Release|Any CPU
		{0454C47A-87DA-4831-9FBB-93A2C14DA9E0}.Release|Any CPU.Build.0 = Release|Any CPU
	EndGlobalSection
	GlobalSection(SolutionProperties) = preSolution
		HideSolutionNode = FALSE
	EndGlobalSection
	GlobalSection(ExtensibilityGlobals) = postSolution
		SolutionGuid = {711D8124-15D6-4429-A126-B60C03BE9A78}
	EndGlobalSection
EndGlobal
